
Microsoft Visual Studio Solution File, Format Version 12.00
# Visual Studio Version 16
VisualStudioVersion = 16.0.30907.101
MinimumVisualStudioVersion = 10.0.40219.1
Project("{9A19103F-16F7-4668-BE54-9A1E7A4F7556}") = "KLASMEYT - FAR FROM SCHOOL", "KLASMEYT - FAR FROM SCHOOL\KLASMEYT - FAR FROM SCHOOL.csproj", "{CAC6DD44-BF4B-4F3A-90C1-B309179F627B}"
EndProject
Global
	GlobalSection(SolutionConfigurationPlatforms) = preSolution
		Debug|Any CPU = Debug|Any CPU
		Release|Any CPU = Release|Any CPU
	EndGlobalSection
	GlobalSection(ProjectConfigurationPlatforms) = postSolution
		{CAC6DD44-BF4B-4F3A-90C1-B309179F627B}.Debug|Any CPU.ActiveCfg = Debug|Any CPU
		{CAC6DD44-BF4B-4F3A-90C1-B309179F627B}.Debug|Any CPU.Build.0 = Debug|Any CPU
		{CAC6DD44-BF4B-4F3A-90C1-B309179F627B}.Release|Any CPU.ActiveCfg = Release|Any CPU
		{CAC6DD44-BF4B-4F3A-90C1-B309179F627B}.Release|Any CPU.Build.0 = Release|Any CPU
	EndGlobalSection
	GlobalSection(SolutionProperties) = preSolution
		HideSolutionNode = FALSE
	EndGlobalSection
	GlobalSection(ExtensibilityGlobals) = postSolution
		SolutionGuid = {3C243837-2351-41FA-8711-D49B54C17FC0}
	EndGlobalSection
EndGlobal
